// !$*UTF8*$!
{
	archiveVersion = 1;
	classes = {
	};
	objectVersion = 55;
	objects = {

/* Begin PBXBuildFile section */
		240E49E72D0E132C5076DE7B /* Pods_fetchData.framework in Frameworks */ = {isa = PBXBuildFile; fileRef = D4973D49343C37DD5624402C /* Pods_fetchData.framework */; };
		9C5E64CD274FE8F100DC2B6B /* AppDelegate.swift in Sources */ = {isa = PBXBuildFile; fileRef = 9C5E64CC274FE8F100DC2B6B /* AppDelegate.swift */; };
		9C5E64CF274FE8F100DC2B6B /* SceneDelegate.swift in Sources */ = {isa = PBXBuildFile; fileRef = 9C5E64CE274FE8F100DC2B6B /* SceneDelegate.swift */; };
		9C5E64D4274FE8F100DC2B6B /* Main.storyboard in Resources */ = {isa = PBXBuildFile; fileRef = 9C5E64D2274FE8F100DC2B6B /* Main.storyboard */; };
		9C5E64D6274FE8F400DC2B6B /* Assets.xcassets in Resources */ = {isa = PBXBuildFile; fileRef = 9C5E64D5274FE8F400DC2B6B /* Assets.xcassets */; };
		9C5E64D9274FE8F400DC2B6B /* LaunchScreen.storyboard in Resources */ = {isa = PBXBuildFile; fileRef = 9C5E64D7274FE8F400DC2B6B /* LaunchScreen.storyboard */; };
		9C5E64E1274FE9BE00DC2B6B /* MainViewController.swift in Sources */ = {isa = PBXBuildFile; fileRef = 9C5E64E0274FE9BE00DC2B6B /* MainViewController.swift */; };
		9C5E64E3274FE9F400DC2B6B /* PokemonsModel.swift in Sources */ = {isa = PBXBuildFile; fileRef = 9C5E64E2274FE9F400DC2B6B /* PokemonsModel.swift */; };
		9C5E64E5274FEB9000DC2B6B /* TableViewCell.swift in Sources */ = {isa = PBXBuildFile; fileRef = 9C5E64E4274FEB9000DC2B6B /* TableViewCell.swift */; };
		9C5E64E7274FECC600DC2B6B /* NetworkManager.swift in Sources */ = {isa = PBXBuildFile; fileRef = 9C5E64E6274FECC600DC2B6B /* NetworkManager.swift */; };
		9C5E64EB2751405A00DC2B6B /* NetworkData.swift in Sources */ = {isa = PBXBuildFile; fileRef = 9C5E64EA2751405A00DC2B6B /* NetworkData.swift */; };
/* End PBXBuildFile section */

/* Begin PBXFileReference section */
		583B38ABEB0B8D1E942699E0 /* Pods-fetchData.release.xcconfig */ = {isa = PBXFileReference; includeInIndex = 1; lastKnownFileType = text.xcconfig; name = "Pods-fetchData.release.xcconfig"; path = "Target Support Files/Pods-fetchData/Pods-fetchData.release.xcconfig"; sourceTree = "<group>"; };
		9C5E64C9274FE8F100DC2B6B /* fetchData.app */ = {isa = PBXFileReference; explicitFileType = wrapper.application; includeInIndex = 0; path = fetchData.app; sourceTree = BUILT_PRODUCTS_DIR; };
		9C5E64CC274FE8F100DC2B6B /* AppDelegate.swift */ = {isa = PBXFileReference; lastKnownFileType = sourcecode.swift; path = AppDelegate.swift; sourceTree = "<group>"; };
		9C5E64CE274FE8F100DC2B6B /* SceneDelegate.swift */ = {isa = PBXFileReference; lastKnownFileType = sourcecode.swift; path = SceneDelegate.swift; sourceTree = "<group>"; };
		9C5E64D3274FE8F100DC2B6B /* Base */ = {isa = PBXFileReference; lastKnownFileType = file.storyboard; name = Base; path = Base.lproj/Main.storyboard; sourceTree = "<group>"; };
		9C5E64D5274FE8F400DC2B6B /* Assets.xcassets */ = {isa = PBXFileReference; lastKnownFileType = folder.assetcatalog; path = Assets.xcassets; sourceTree = "<group>"; };
		9C5E64D8274FE8F400DC2B6B /* Base */ = {isa = PBXFileReference; lastKnownFileType = file.storyboard; name = Base; path = Base.lproj/LaunchScreen.storyboard; sourceTree = "<group>"; };
		9C5E64DA274FE8F400DC2B6B /* Info.plist */ = {isa = PBXFileReference; lastKnownFileType = text.plist.xml; path = Info.plist; sourceTree = "<group>"; };
		9C5E64E0274FE9BE00DC2B6B /* MainViewController.swift */ = {isa = PBXFileReference; lastKnownFileType = sourcecode.swift; path = MainViewController.swift; sourceTree = "<group>"; };
		9C5E64E2274FE9F400DC2B6B /* PokemonsModel.swift */ = {isa = PBXFileReference; lastKnownFileType = sourcecode.swift; path = PokemonsModel.swift; sourceTree = "<group>"; };
		9C5E64E4274FEB9000DC2B6B /* TableViewCell.swift */ = {isa = PBXFileReference; lastKnownFileType = sourcecode.swift; path = TableViewCell.swift; sourceTree = "<group>"; };
		9C5E64E6274FECC600DC2B6B /* NetworkManager.swift */ = {isa = PBXFileReference; lastKnownFileType = sourcecode.swift; path = NetworkManager.swift; sourceTree = "<group>"; };
		9C5E64EA2751405A00DC2B6B /* NetworkData.swift */ = {isa = PBXFileReference; lastKnownFileType = sourcecode.swift; path = NetworkData.swift; sourceTree = "<group>"; };
		BECC6E309C8B6419A7FA3780 /* Pods-fetchData.debug.xcconfig */ = {isa = PBXFileReference; includeInIndex = 1; lastKnownFileType = text.xcconfig; name = "Pods-fetchData.debug.xcconfig"; path = "Target Support Files/Pods-fetchData/Pods-fetchData.debug.xcconfig"; sourceTree = "<group>"; };
		D4973D49343C37DD5624402C /* Pods_fetchData.framework */ = {isa = PBXFileReference; explicitFileType = wrapper.framework; includeInIndex = 0; path = Pods_fetchData.framework; sourceTree = BUILT_PRODUCTS_DIR; };
/* End PBXFileReference section */

/* Begin PBXFrameworksBuildPhase section */
		9C5E64C6274FE8F100DC2B6B /* Frameworks */ = {
			isa = PBXFrameworksBuildPhase;
			buildActionMask = 2147483647;
			files = (
				240E49E72D0E132C5076DE7B /* Pods_fetchData.framework in Frameworks */,
			);
			runOnlyForDeploymentPostprocessing = 0;
		};
/* End PBXFrameworksBuildPhase section */

/* Begin PBXGroup section */
		2035CEB847B02D564087FB0F /* Frameworks */ = {
			isa = PBXGroup;
			children = (
				D4973D49343C37DD5624402C /* Pods_fetchData.framework */,
			);
			name = Frameworks;
			sourceTree = "<group>";
		};
		980DE66D5C585A7F5D93998A /* Pods */ = {
			isa = PBXGroup;
			children = (
				BECC6E309C8B6419A7FA3780 /* Pods-fetchData.debug.xcconfig */,
				583B38ABEB0B8D1E942699E0 /* Pods-fetchData.release.xcconfig */,
			);
			path = Pods;
			sourceTree = "<group>";
		};
		9C5E64C0274FE8F100DC2B6B = {
			isa = PBXGroup;
			children = (
				9C5E64CB274FE8F100DC2B6B /* fetchData */,
				9C5E64CA274FE8F100DC2B6B /* Products */,
				980DE66D5C585A7F5D93998A /* Pods */,
				2035CEB847B02D564087FB0F /* Frameworks */,
			);
			sourceTree = "<group>";
		};
		9C5E64CA274FE8F100DC2B6B /* Products */ = {
			isa = PBXGroup;
			children = (
				9C5E64C9274FE8F100DC2B6B /* fetchData.app */,
			);
			name = Products;
			sourceTree = "<group>";
		};
		9C5E64CB274FE8F100DC2B6B /* fetchData */ = {
			isa = PBXGroup;
			children = (
				9C5E64CC274FE8F100DC2B6B /* AppDelegate.swift */,
				9C5E64CE274FE8F100DC2B6B /* SceneDelegate.swift */,
				9C5E64E0274FE9BE00DC2B6B /* MainViewController.swift */,
				9C5E64E4274FEB9000DC2B6B /* TableViewCell.swift */,
				9C5E64E6274FECC600DC2B6B /* NetworkManager.swift */,
				9C5E64EA2751405A00DC2B6B /* NetworkData.swift */,
				9C5E64E2274FE9F400DC2B6B /* PokemonsModel.swift */,
				9C5E64D2274FE8F100DC2B6B /* Main.storyboard */,
				9C5E64D5274FE8F400DC2B6B /* Assets.xcassets */,
				9C5E64D7274FE8F400DC2B6B /* LaunchScreen.storyboard */,
				9C5E64DA274FE8F400DC2B6B /* Info.plist */,
			);
			path = fetchData;
			sourceTree = "<group>";
		};
/* End PBXGroup section */

/* Begin PBXNativeTarget section */
		9C5E64C8274FE8F100DC2B6B /* fetchData */ = {
			isa = PBXNativeTarget;
			buildConfigurationList = 9C5E64DD274FE8F400DC2B6B /* Build configuration list for PBXNativeTarget "fetchData" */;
			buildPhases = (
				38B1FE1578A48F58D7C6408D /* [CP] Check Pods Manifest.lock */,
				9C5E64C5274FE8F100DC2B6B /* Sources */,
				9C5E64C6274FE8F100DC2B6B /* Frameworks */,
				9C5E64C7274FE8F100DC2B6B /* Resources */,
				7445F88AFB35251F456B62A7 /* [CP] Embed Pods Frameworks */,
			);
			buildRules = (
			);
			dependencies = (
			);
			name = fetchData;
			productName = fetchData;
			productReference = 9C5E64C9274FE8F100DC2B6B /* fetchData.app */;
			productType = "com.apple.product-type.application";
		};
/* End PBXNativeTarget section */

/* Begin PBXProject section */
		9C5E64C1274FE8F100DC2B6B /* Project object */ = {
			isa = PBXProject;
			attributes = {
				BuildIndependentTargetsInParallel = 1;
				LastSwiftUpdateCheck = 1310;
				LastUpgradeCheck = 1310;
				TargetAttributes = {
					9C5E64C8274FE8F100DC2B6B = {
						CreatedOnToolsVersion = 13.1;
					};
				};
			};
			buildConfigurationList = 9C5E64C4274FE8F100DC2B6B /* Build configuration list for PBXProject "fetchData" */;
			compatibilityVersion = "Xcode 13.0";
			developmentRegion = en;
			hasScannedForEncodings = 0;
			knownRegions = (
				en,
				Base,
			);
			mainGroup = 9C5E64C0274FE8F100DC2B6B;
			productRefGroup = 9C5E64CA274FE8F100DC2B6B /* Products */;
			projectDirPath = "";
			projectRoot = "";
			targets = (
				9C5E64C8274FE8F100DC2B6B /* fetchData */,
			);
		};
/* End PBXProject section */

/* Begin PBXResourcesBuildPhase section */
		9C5E64C7274FE8F100DC2B6B /* Resources */ = {
			isa = PBXResourcesBuildPhase;
			buildActionMask = 2147483647;
			files = (
				9C5E64D9274FE8F400DC2B6B /* LaunchScreen.storyboard in Resources */,
				9C5E64D6274FE8F400DC2B6B /* Assets.xcassets in Resources */,
				9C5E64D4274FE8F100DC2B6B /* Main.storyboard in Resources */,
			);
			runOnlyForDeploymentPostprocessing = 0;
		};
/* End PBXResourcesBuildPhase section */

/* Begin PBXShellScriptBuildPhase section */
		38B1FE1578A48F58D7C6408D /* [CP] Check Pods Manifest.lock */ = {
			isa = PBXShellScriptBuildPhase;
			buildActionMask = 2147483647;
			files = (
			);
			inputFileListPaths = (
			);
			inputPaths = (
				"${PODS_PODFILE_DIR_PATH}/Podfile.lock",
				"${PODS_ROOT}/Manifest.lock",
			);
			name = "[CP] Check Pods Manifest.lock";
			outputFileListPaths = (
			);
			outputPaths = (
				"$(DERIVED_FILE_DIR)/Pods-fetchData-checkManifestLockResult.txt",
			);
			runOnlyForDeploymentPostprocessing = 0;
			shellPath = /bin/sh;
			shellScript = "diff \"${PODS_PODFILE_DIR_PATH}/Podfile.lock\" \"${PODS_ROOT}/Manifest.lock\" > /dev/null\nif [ $? != 0 ] ; then\n    # print error to STDERR\n    echo \"error: The sandbox is not in sync with the Podfile.lock. Run 'pod install' or update your CocoaPods installation.\" >&2\n    exit 1\nfi\n# This output is used by Xcode 'outputs' to avoid re-running this script phase.\necho \"SUCCESS\" > \"${SCRIPT_OUTPUT_FILE_0}\"\n";
			showEnvVarsInLog = 0;
		};
		7445F88AFB35251F456B62A7 /* [CP] Embed Pods Frameworks */ = {
			isa = PBXShellScriptBuildPhase;
			buildActionMask = 2147483647;
			files = (
			);
			inputFileListPaths = (
				"${PODS_ROOT}/Target Support Files/Pods-fetchData/Pods-fetchData-frameworks-${CONFIGURATION}-input-files.xcfilelist",
			);
			name = "[CP] Embed Pods Frameworks";
			outputFileListPaths = (
				"${PODS_ROOT}/Target Support Files/Pods-fetchData/Pods-fetchData-frameworks-${CONFIGURATION}-output-files.xcfilelist",
			);
			runOnlyForDeploymentPostprocessing = 0;
			shellPath = /bin/sh;
			shellScript = "\"${PODS_ROOT}/Target Support Files/Pods-fetchData/Pods-fetchData-frameworks.sh\"\n";
			showEnvVarsInLog = 0;
		};
/* End PBXShellScriptBuildPhase section */

/* Begin PBXSourcesBuildPhase section */
		9C5E64C5274FE8F100DC2B6B /* Sources */ = {
			isa = PBXSourcesBuildPhase;
			buildActionMask = 2147483647;
			files = (
				9C5E64E7274FECC600DC2B6B /* NetworkManager.swift in Sources */,
				9C5E64E5274FEB9000DC2B6B /* TableViewCell.swift in Sources */,
				9C5E64E1274FE9BE00DC2B6B /* MainViewController.swift in Sources */,
				9C5E64CD274FE8F100DC2B6B /* AppDelegate.swift in Sources */,
				9C5E64EB2751405A00DC2B6B /* NetworkData.swift in Sources */,
				9C5E64CF274FE8F100DC2B6B /* SceneDelegate.swift in Sources */,
				9C5E64E3274FE9F400DC2B6B /* PokemonsModel.swift in Sources */,
			);
			runOnlyForDeploymentPostprocessing = 0;
		};
/* End PBXSourcesBuildPhase section */

/* Begin PBXVariantGroup section */
		9C5E64D2274FE8F100DC2B6B /* Main.storyboard */ = {
			isa = PBXVariantGroup;
			children = (
				9C5E64D3274FE8F100DC2B6B /* Base */,
			);
			name = Main.storyboard;
			sourceTree = "<group>";
		};
		9C5E64D7274FE8F400DC2B6B /* LaunchScreen.storyboard */ = {
			isa = PBXVariantGroup;
			children = (
				9C5E64D8274FE8F400DC2B6B /* Base */,
			);
			name = LaunchScreen.storyboard;
			sourceTree = "<group>";
		};
/* End PBXVariantGroup section */

/* Begin XCBuildConfiguration section */
		9C5E64DB274FE8F400DC2B6B /* Debug */ = {
			isa = XCBuildConfiguration;
			buildSettings = {
				ALWAYS_SEARCH_USER_PATHS = NO;
				CLANG_ANALYZER_NONNULL = YES;
				CLANG_ANALYZER_NUMBER_OBJECT_CONVERSION = YES_AGGRESSIVE;
				CLANG_CXX_LANGUAGE_STANDARD = "gnu++17";
				CLANG_CXX_LIBRARY = "libc++";
				CLANG_ENABLE_MODULES = YES;
				CLANG_ENABLE_OBJC_ARC = YES;
				CLANG_ENABLE_OBJC_WEAK = YES;
				CLANG_WARN_BLOCK_CAPTURE_AUTORELEASING = YES;
				CLANG_WARN_BOOL_CONVERSION = YES;
				CLANG_WARN_COMMA = YES;
				CLANG_WARN_CONSTANT_CONVERSION = YES;
				CLANG_WARN_DEPRECATED_OBJC_IMPLEMENTATIONS = YES;
				CLANG_WARN_DIRECT_OBJC_ISA_USAGE = YES_ERROR;
				CLANG_WARN_DOCUMENTATION_COMMENTS = YES;
				CLANG_WARN_EMPTY_BODY = YES;
				CLANG_WARN_ENUM_CONVERSION = YES;
				CLANG_WARN_INFINITE_RECURSION = YES;
				CLANG_WARN_INT_CONVERSION = YES;
				CLANG_WARN_NON_LITERAL_NULL_CONVERSION = YES;
				CLANG_WARN_OBJC_IMPLICIT_RETAIN_SELF = YES;
				CLANG_WARN_OBJC_LITERAL_CONVERSION = YES;
				CLANG_WARN_OBJC_ROOT_CLASS = YES_ERROR;
				CLANG_WARN_QUOTED_INCLUDE_IN_FRAMEWORK_HEADER = YES;
				CLANG_WARN_RANGE_LOOP_ANALYSIS = YES;
				CLANG_WARN_STRICT_PROTOTYPES = YES;
				CLANG_WARN_SUSPICIOUS_MOVE = YES;
				CLANG_WARN_UNGUARDED_AVAILABILITY = YES_AGGRESSIVE;
				CLANG_WARN_UNREACHABLE_CODE = YES;
				CLANG_WARN__DUPLICATE_METHOD_MATCH = YES;
				COPY_PHASE_STRIP = NO;
				DEBUG_INFORMATION_FORMAT = dwarf;
				ENABLE_STRICT_OBJC_MSGSEND = YES;
				ENABLE_TESTABILITY = YES;
				GCC_C_LANGUAGE_STANDARD = gnu11;
				GCC_DYNAMIC_NO_PIC = NO;
				GCC_NO_COMMON_BLOCKS = YES;
				GCC_OPTIMIZATION_LEVEL = 0;
				GCC_PREPROCESSOR_DEFINITIONS = (
					"DEBUG=1",
					"$(inherited)",
				);
				GCC_WARN_64_TO_32_BIT_CONVERSION = YES;
				GCC_WARN_ABOUT_RETURN_TYPE = YES_ERROR;
				GCC_WARN_UNDECLARED_SELECTOR = YES;
				GCC_WARN_UNINITIALIZED_AUTOS = YES_AGGRESSIVE;
				GCC_WARN_UNUSED_FUNCTION = YES;
				GCC_WARN_UNUSED_VARIABLE = YES;
				IPHONEOS_DEPLOYMENT_TARGET = 15.0;
				MTL_ENABLE_DEBUG_INFO = INCLUDE_SOURCE;
				MTL_FAST_MATH = YES;
				ONLY_ACTIVE_ARCH = YES;
				SDKROOT = iphoneos;
				SWIFT_ACTIVE_COMPILATION_CONDITIONS = DEBUG;
				SWIFT_OPTIMIZATION_LEVEL = "-Onone";
			};
			name = Debug;
		};
		9C5E64DC274FE8F400DC2B6B /* Release */ = {
			isa = XCBuildConfiguration;
			buildSettings = {
				ALWAYS_SEARCH_USER_PATHS = NO;
				CLANG_ANALYZER_NONNULL = YES;
				CLANG_ANALYZER_NUMBER_OBJECT_CONVERSION = YES_AGGRESSIVE;
				CLANG_CXX_LANGUAGE_STANDARD = "gnu++17";
				CLANG_CXX_LIBRARY = "libc++";
				CLANG_ENABLE_MODULES = YES;
				CLANG_ENABLE_OBJC_ARC = YES;
				CLANG_ENABLE_OBJC_WEAK = YES;
				CLANG_WARN_BLOCK_CAPTURE_AUTORELEASING = YES;
				CLANG_WARN_BOOL_CONVERSION = YES;
				CLANG_WARN_COMMA = YES;
				CLANG_WARN_CONSTANT_CONVERSION = YES;
				CLANG_WARN_DEPRECATED_OBJC_IMPLEMENTATIONS = YES;
				CLANG_WARN_DIRECT_OBJC_ISA_USAGE = YES_ERROR;
				CLANG_WARN_DOCUMENTATION_COMMENTS = YES;
				CLANG_WARN_EMPTY_BODY = YES;
				CLANG_WARN_ENUM_CONVERSION = YES;
				CLANG_WARN_INFINITE_RECURSION = YES;
				CLANG_WARN_INT_CONVERSION = YES;
				CLANG_WARN_NON_LITERAL_NULL_CONVERSION = YES;
				CLANG_WARN_OBJC_IMPLICIT_RETAIN_SELF = YES;
				CLANG_WARN_OBJC_LITERAL_CONVERSION = YES;
				CLANG_WARN_OBJC_ROOT_CLASS = YES_ERROR;
				CLANG_WARN_QUOTED_INCLUDE_IN_FRAMEWORK_HEADER = YES;
				CLANG_WARN_RANGE_LOOP_ANALYSIS = YES;
				CLANG_WARN_STRICT_PROTOTYPES = YES;
				CLANG_WARN_SUSPICIOUS_MOVE = YES;
				CLANG_WARN_UNGUARDED_AVAILABILITY = YES_AGGRESSIVE;
				CLANG_WARN_UNREACHABLE_CODE = YES;
				CLANG_WARN__DUPLICATE_METHOD_MATCH = YES;
				COPY_PHASE_STRIP = NO;
				DEBUG_INFORMATION_FORMAT = "dwarf-with-dsym";
				ENABLE_NS_ASSERTIONS = NO;
				ENABLE_STRICT_OBJC_MSGSEND = YES;
				GCC_C_LANGUAGE_STANDARD = gnu11;
				GCC_NO_COMMON_BLOCKS = YES;
				GCC_WARN_64_TO_32_BIT_CONVERSION = YES;
				GCC_WARN_ABOUT_RETURN_TYPE = YES_ERROR;
				GCC_WARN_UNDECLARED_SELECTOR = YES;
				GCC_WARN_UNINITIALIZED_AUTOS = YES_AGGRESSIVE;
				GCC_WARN_UNUSED_FUNCTION = YES;
				GCC_WARN_UNUSED_VARIABLE = YES;
				IPHONEOS_DEPLOYMENT_TARGET = 15.0;
				MTL_ENABLE_DEBUG_INFO = NO;
				MTL_FAST_MATH = YES;
				SDKROOT = iphoneos;
				SWIFT_COMPILATION_MODE = wholemodule;
				SWIFT_OPTIMIZATION_LEVEL = "-O";
				VALIDATE_PRODUCT = YES;
			};
			name = Release;
		};
		9C5E64DE274FE8F400DC2B6B /* Debug */ = {
			isa = XCBuildConfiguration;
			baseConfigurationReference = BECC6E309C8B6419A7FA3780 /* Pods-fetchData.debug.xcconfig */;
			buildSettings = {
				ASSETCATALOG_COMPILER_APPICON_NAME = AppIcon;
				ASSETCATALOG_COMPILER_GLOBAL_ACCENT_COLOR_NAME = AccentColor;
				CODE_SIGN_STYLE = Automatic;
				CURRENT_PROJECT_VERSION = 1;
				DEVELOPMENT_TEAM = 7XP9H5G8CF;
				GENERATE_INFOPLIST_FILE = YES;
				INFOPLIST_FILE = fetchData/Info.plist;
				INFOPLIST_KEY_UIApplicationSupportsIndirectInputEvents = YES;
				INFOPLIST_KEY_UILaunchStoryboardName = LaunchScreen;
				INFOPLIST_KEY_UIMainStoryboardFile = Main;
				INFOPLIST_KEY_UISupportedInterfaceOrientations_iPad = "UIInterfaceOrientationPortrait UIInterfaceOrientationPortraitUpsideDown UIInterfaceOrientationLandscapeLeft UIInterfaceOrientationLandscapeRight";
				INFOPLIST_KEY_UISupportedInterfaceOrientations_iPhone = "UIInterfaceOrientationPortrait UIInterfaceOrientationLandscapeLeft UIInterfaceOrientationLandscapeRight";
				LD_RUNPATH_SEARCH_PATHS = (
					"$(inherited)",
					"@executable_path/Frameworks",
				);
				MARKETING_VERSION = 1.0;
				PRODUCT_BUNDLE_IDENTIFIER = com.underscoreow.fetchData;
				PRODUCT_NAME = "$(TARGET_NAME)";
				SWIFT_EMIT_LOC_STRINGS = YES;
				SWIFT_VERSION = 5.0;
				TARGETED_DEVICE_FAMILY = "1,2";
			};
			name = Debug;
		};
		9C5E64DF274FE8F400DC2B6B /* Release */ = {
			isa = XCBuildConfiguration;
			baseConfigurationReference = 583B38ABEB0B8D1E942699E0 /* Pods-fetchData.release.xcconfig */;
			buildSettings = {
				ASSETCATALOG_COMPILER_APPICON_NAME = AppIcon;
				ASSETCATALOG_COMPILER_GLOBAL_ACCENT_COLOR_NAME = AccentColor;
				CODE_SIGN_STYLE = Automatic;
				CURRENT_PROJECT_VERSION = 1;
				DEVELOPMENT_TEAM = 7XP9H5G8CF;
				GENERATE_INFOPLIST_FILE = YES;
				INFOPLIST_FILE = fetchData/Info.plist;
				INFOPLIST_KEY_UIApplicationSupportsIndirectInputEvents = YES;
				INFOPLIST_KEY_UILaunchStoryboardName = LaunchScreen;
				INFOPLIST_KEY_UIMainStoryboardFile = Main;
				INFOPLIST_KEY_UISupportedInterfaceOrientations_iPad = "UIInterfaceOrientationPortrait UIInterfaceOrientationPortraitUpsideDown UIInterfaceOrientationLandscapeLeft UIInterfaceOrientationLandscapeRight";
				INFOPLIST_KEY_UISupportedInterfaceOrientations_iPhone = "UIInterfaceOrientationPortrait UIInterfaceOrientationLandscapeLeft UIInterfaceOrientationLandscapeRight";
				LD_RUNPATH_SEARCH_PATHS = (
					"$(inherited)",
					"@executable_path/Frameworks",
				);
				MARKETING_VERSION = 1.0;
				PRODUCT_BUNDLE_IDENTIFIER = com.underscoreow.fetchData;
				PRODUCT_NAME = "$(TARGET_NAME)";
				SWIFT_EMIT_LOC_STRINGS = YES;
				SWIFT_VERSION = 5.0;
				TARGETED_DEVICE_FAMILY = "1,2";
			};
			name = Release;
		};
/* End XCBuildConfiguration section */

/* Begin XCConfigurationList section */
		9C5E64C4274FE8F100DC2B6B /* Build configuration list for PBXProject "fetchData" */ = {
			isa = XCConfigurationList;
			buildConfigurations = (
				9C5E64DB274FE8F400DC2B6B /* Debug */,
				9C5E64DC274FE8F400DC2B6B /* Release */,
			);
			defaultConfigurationIsVisible = 0;
			defaultConfigurationName = Release;
		};
		9C5E64DD274FE8F400DC2B6B /* Build configuration list for PBXNativeTarget "fetchData" */ = {
			isa = XCConfigurationList;
			buildConfigurations = (
				9C5E64DE274FE8F400DC2B6B /* Debug */,
				9C5E64DF274FE8F400DC2B6B /* Release */,
			);
			defaultConfigurationIsVisible = 0;
			defaultConfigurationName = Release;
		};
/* End XCConfigurationList section */
	};
	rootObject = 9C5E64C1274FE8F100DC2B6B /* Project object */;
}
